
Microsoft Visual Studio Solution File, Format Version 12.00
# Visual Studio Version 17
VisualStudioVersion = 17.9.34723.18
MinimumVisualStudioVersion = 10.0.40219.1
Project("{8BC9CEB8-8B4A-11D0-8D11-00A0C91BC942}") = "Merge сортировка + потоки + future async", "Merge сортировка + потоки + future async.vcxproj", "{554E2293-611D-4A44-A8A3-1CD829C88339}"
EndProject
Global
	GlobalSection(SolutionConfigurationPlatforms) = preSolution
		Debug|x64 = Debug|x64
		Debug|x86 = Debug|x86
		Release|x64 = Release|x64
		Release|x86 = Release|x86
	EndGlobalSection
	GlobalSection(ProjectConfigurationPlatforms) = postSolution
		{554E2293-611D-4A44-A8A3-1CD829C88339}.Debug|x64.ActiveCfg = Debug|x64
		{554E2293-611D-4A44-A8A3-1CD829C88339}.Debug|x64.Build.0 = Debug|x64
		{554E2293-611D-4A44-A8A3-1CD829C88339}.Debug|x86.ActiveCfg = Debug|Win32
		{554E2293-611D-4A44-A8A3-1CD829C88339}.Debug|x86.Build.0 = Debug|Win32
		{554E2293-611D-4A44-A8A3-1CD829C88339}.Release|x64.ActiveCfg = Release|x64
		{554E2293-611D-4A44-A8A3-1CD829C88339}.Release|x64.Build.0 = Release|x64
		{554E2293-611D-4A44-A8A3-1CD829C88339}.Release|x86.ActiveCfg = Release|Win32
		{554E2293-611D-4A44-A8A3-1CD829C88339}.Release|x86.Build.0 = Release|Win32
	EndGlobalSection
	GlobalSection(SolutionProperties) = preSolution
		HideSolutionNode = FALSE
	EndGlobalSection
	GlobalSection(ExtensibilityGlobals) = postSolution
		SolutionGuid = {BD48F5AB-CED0-4F75-B90B-7931386BAA2E}
	EndGlobalSection
EndGlobal
